
Microsoft Visual Studio Solution File, Format Version 12.00
Project("{FAE04EC0-301F-11D3-BF4B-00C04F79EFBC}") = "TrappersMod", "TrappersMod\TrappersMod\TrappersMod.csproj", "{96CB50F7-5B67-48B3-9DF4-54833DFB3682}"
EndProject
Project("{FAE04EC0-301F-11D3-BF4B-00C04F79EFBC}") = "CakeBuild", "TrappersMod\ZZCakeBuild\CakeBuild.csproj", "{B59E7DA6-7DA9-45E3-9904-7C29A72FE6DF}"
EndProject
Global
	GlobalSection(SolutionConfigurationPlatforms) = preSolution
		Debug|Any CPU = Debug|Any CPU
		Release|Any CPU = Release|Any CPU
	EndGlobalSection
	GlobalSection(ProjectConfigurationPlatforms) = postSolution
		{96CB50F7-5B67-48B3-9DF4-54833DFB3682}.Debug|Any CPU.ActiveCfg = Debug|Any CPU
		{96CB50F7-5B67-48B3-9DF4-54833DFB3682}.Debug|Any CPU.Build.0 = Debug|Any CPU
		{96CB50F7-5B67-48B3-9DF4-54833DFB3682}.Release|Any CPU.ActiveCfg = Release|Any CPU
		{96CB50F7-5B67-48B3-9DF4-54833DFB3682}.Release|Any CPU.Build.0 = Release|Any CPU
		{B59E7DA6-7DA9-45E3-9904-7C29A72FE6DF}.Debug|Any CPU.ActiveCfg = Debug|Any CPU
		{B59E7DA6-7DA9-45E3-9904-7C29A72FE6DF}.Debug|Any CPU.Build.0 = Debug|Any CPU
		{B59E7DA6-7DA9-45E3-9904-7C29A72FE6DF}.Release|Any CPU.ActiveCfg = Release|Any CPU
		{B59E7DA6-7DA9-45E3-9904-7C29A72FE6DF}.Release|Any CPU.Build.0 = Release|Any CPU
	EndGlobalSection
EndGlobal
